github.com/BurntSushi/toml v0.3.1 h1:WXkYYl6Yr3qBf1K79EBnL4mak0OimBfB0XUf9Vl28OQ=
github.com/BurntSushi/toml v0.3.1/go.mod h1:xHWCNGjB5oqiDr8zfno3MHue2Ht5sIBksp03qcyfWMU=
github.com/BurntSushi/xdg v0.0.0-20130804141135-e80d3446fea1 h1:wm6oM17JoxfyN6IuKH8r3bU7Q2DjYRADJWgSHNfUXiY=
github.com/BurntSushi/xdg v0.0.0-20130804141135-e80d3446fea1/go.mod h1:GTqQ4bvL7tTmcOwcZ3VVzwjWulHgjD2uamy76yuySp0=
github.com/jkeiser/iter v0.0.0-20140714165249-67b94d6149c6 h1:GZQmKU7MeD2vOOId8N2Mprc+V7P00nDY9iUdNzg11OI=
github.com/jkeiser/iter v0.0.0-20140714165249-67b94d6149c6/go.mod h1:fP/NdyhRVOv09PLRbVXrSqHhrfQypdZwgE2L4h2U5C8=
github.com/jochenvg/go-udev v0.0.0-20171110120927-d6b62d56d37b h1:dgF9Rx3oPIz2d816jKSjnShkJfmtYc/N/DxGDFv2CGk=
github.com/jochenvg/go-udev v0.0.0-20171110120927-d6b62d56d37b/go.mod h1:IBDUGq30U56w969YNPomhMbRje1GrhUsCh7tHdwgLXA=
golang.org/x/sys v0.0.0-20190516110030-61b9204099cb h1:k07iPOt0d6nEnwXF+kHB+iEg+WSuKe/SOQuFM2QoD+E=
golang.org/x/sys v0.0.0-20190516110030-61b9204099cb/go.mod h1:h1NjWce9XRLGQEsW7wpKNCjG9DtNlClVuFLEZdDNbEs=
golang.org/x/sys v0.0.0-20190522044717-8097e1b27ff5 h1:f005F/Jl5JLP036x7QIvUVhNTqxvSYwFIiyOh2q12iU=
golang.org/x/sys v0.0.0-20190522044717-8097e1b27ff5/go.mod h1:h1NjWce9XRLGQEsW7wpKNCjG9DtNlClVuFLEZdDNbEs=
